
Microsoft Visual Studio Solution File, Format Version 12.00
# Visual Studio Version 17
VisualStudioVersion = 17.7.34221.43
MinimumVisualStudioVersion = 10.0.40219.1
Project("{FAE04EC0-301F-11D3-BF4B-00C04F79EFBC}") = "PDC03MOD05.Android", "PDC03MOD05.Android\PDC03MOD05.Android.csproj", "{4DA2AF8B-D008-4068-BAC8-04C3D5B64A2C}"
EndProject
Project("{FAE04EC0-301F-11D3-BF4B-00C04F79EFBC}") = "PDC03MOD05", "PDC03MOD05\PDC03MOD05.csproj", "{B10FDB68-9A82-4D28-8085-C433B2E855B3}"
EndProject
Global
	GlobalSection(SolutionConfigurationPlatforms) = preSolution
		Debug|Any CPU = Debug|Any CPU
		Release|Any CPU = Release|Any CPU
	EndGlobalSection
	GlobalSection(ProjectConfigurationPlatforms) = postSolution
		{4DA2AF8B-D008-4068-BAC8-04C3D5B64A2C}.Debug|Any CPU.ActiveCfg = Debug|Any CPU
		{4DA2AF8B-D008-4068-BAC8-04C3D5B64A2C}.Debug|Any CPU.Build.0 = Debug|Any CPU
		{4DA2AF8B-D008-4068-BAC8-04C3D5B64A2C}.Debug|Any CPU.Deploy.0 = Debug|Any CPU
		{4DA2AF8B-D008-4068-BAC8-04C3D5B64A2C}.Release|Any CPU.ActiveCfg = Release|Any CPU
		{4DA2AF8B-D008-4068-BAC8-04C3D5B64A2C}.Release|Any CPU.Build.0 = Release|Any CPU
		{4DA2AF8B-D008-4068-BAC8-04C3D5B64A2C}.Release|Any CPU.Deploy.0 = Release|Any CPU
		{B10FDB68-9A82-4D28-8085-C433B2E855B3}.Debug|Any CPU.ActiveCfg = Debug|Any CPU
		{B10FDB68-9A82-4D28-8085-C433B2E855B3}.Debug|Any CPU.Build.0 = Debug|Any CPU
		{B10FDB68-9A82-4D28-8085-C433B2E855B3}.Debug|Any CPU.Deploy.0 = Debug|Any CPU
		{B10FDB68-9A82-4D28-8085-C433B2E855B3}.Release|Any CPU.ActiveCfg = Release|Any CPU
		{B10FDB68-9A82-4D28-8085-C433B2E855B3}.Release|Any CPU.Build.0 = Release|Any CPU
		{B10FDB68-9A82-4D28-8085-C433B2E855B3}.Release|Any CPU.Deploy.0 = Release|Any CPU
	EndGlobalSection
	GlobalSection(SolutionProperties) = preSolution
		HideSolutionNode = FALSE
	EndGlobalSection
	GlobalSection(ExtensibilityGlobals) = postSolution
		SolutionGuid = {F58BC305-98DA-4419-B597-E84D3374AB29}
	EndGlobalSection
EndGlobal
